// !$*UTF8*$!
{
	archiveVersion = 1;
	classes = {
	};
	objectVersion = 56;
	objects = {

/* Begin PBXBuildFile section */
		272E069E2A80F32000DCFB3D /* AppDelegate.swift in Sources */ = {isa = PBXBuildFile; fileRef = 272E069D2A80F32000DCFB3D /* AppDelegate.swift */; };
		272E06A02A80F32000DCFB3D /* SceneDelegate.swift in Sources */ = {isa = PBXBuildFile; fileRef = 272E069F2A80F32000DCFB3D /* SceneDelegate.swift */; };
		272E06A22A80F32000DCFB3D /* ViewController.swift in Sources */ = {isa = PBXBuildFile; fileRef = 272E06A12A80F32000DCFB3D /* ViewController.swift */; };
		272E06A72A80F32100DCFB3D /* Assets.xcassets in Resources */ = {isa = PBXBuildFile; fileRef = 272E06A62A80F32100DCFB3D /* Assets.xcassets */; };
		272E06AA2A80F32100DCFB3D /* LaunchScreen.storyboard in Resources */ = {isa = PBXBuildFile; fileRef = 272E06A82A80F32100DCFB3D /* LaunchScreen.storyboard */; };
		272E06B52A80F32100DCFB3D /* MVVM_demo_1Tests.swift in Sources */ = {isa = PBXBuildFile; fileRef = 272E06B42A80F32100DCFB3D /* MVVM_demo_1Tests.swift */; };
		272E06BF2A80F32100DCFB3D /* MVVM_demo_1UITests.swift in Sources */ = {isa = PBXBuildFile; fileRef = 272E06BE2A80F32100DCFB3D /* MVVM_demo_1UITests.swift */; };
		272E06C12A80F32100DCFB3D /* MVVM_demo_1UITestsLaunchTests.swift in Sources */ = {isa = PBXBuildFile; fileRef = 272E06C02A80F32100DCFB3D /* MVVM_demo_1UITestsLaunchTests.swift */; };
/* End PBXBuildFile section */

/* Begin PBXContainerItemProxy section */
		272E06B12A80F32100DCFB3D /* PBXContainerItemProxy */ = {
			isa = PBXContainerItemProxy;
			containerPortal = 272E06922A80F32000DCFB3D /* Project object */;
			proxyType = 1;
			remoteGlobalIDString = 272E06992A80F32000DCFB3D;
			remoteInfo = "MVVM-demo-1";
		};
		272E06BB2A80F32100DCFB3D /* PBXContainerItemProxy */ = {
			isa = PBXContainerItemProxy;
			containerPortal = 272E06922A80F32000DCFB3D /* Project object */;
			proxyType = 1;
			remoteGlobalIDString = 272E06992A80F32000DCFB3D;
			remoteInfo = "MVVM-demo-1";
		};
/* End PBXContainerItemProxy section */

/* Begin PBXFileReference section */
		272E069A2A80F32000DCFB3D /* MVVM-demo-1.app */ = {isa = PBXFileReference; explicitFileType = wrapper.application; includeInIndex = 0; path = "MVVM-demo-1.app"; sourceTree = BUILT_PRODUCTS_DIR; };
		272E069D2A80F32000DCFB3D /* AppDelegate.swift */ = {isa = PBXFileReference; lastKnownFileType = sourcecode.swift; path = AppDelegate.swift; sourceTree = "<group>"; };
		272E069F2A80F32000DCFB3D /* SceneDelegate.swift */ = {isa = PBXFileReference; lastKnownFileType = sourcecode.swift; path = SceneDelegate.swift; sourceTree = "<group>"; };
		272E06A12A80F32000DCFB3D /* ViewController.swift */ = {isa = PBXFileReference; lastKnownFileType = sourcecode.swift; path = ViewController.swift; sourceTree = "<group>"; };
		272E06A62A80F32100DCFB3D /* Assets.xcassets */ = {isa = PBXFileReference; lastKnownFileType = folder.assetcatalog; path = Assets.xcassets; sourceTree = "<group>"; };
		272E06A92A80F32100DCFB3D /* Base */ = {isa = PBXFileReference; lastKnownFileType = file.storyboard; name = Base; path = Base.lproj/LaunchScreen.storyboard; sourceTree = "<group>"; };
		272E06AB2A80F32100DCFB3D /* Info.plist */ = {isa = PBXFileReference; lastKnownFileType = text.plist.xml; path = Info.plist; sourceTree = "<group>"; };
		272E06B02A80F32100DCFB3D /* MVVM-demo-1Tests.xctest */ = {isa = PBXFileReference; explicitFileType = wrapper.cfbundle; includeInIndex = 0; path = "MVVM-demo-1Tests.xctest"; sourceTree = BUILT_PRODUCTS_DIR; };
		272E06B42A80F32100DCFB3D /* MVVM_demo_1Tests.swift */ = {isa = PBXFileReference; lastKnownFileType = sourcecode.swift; path = MVVM_demo_1Tests.swift; sourceTree = "<group>"; };
		272E06BA2A80F32100DCFB3D /* MVVM-demo-1UITests.xctest */ = {isa = PBXFileReference; explicitFileType = wrapper.cfbundle; includeInIndex = 0; path = "MVVM-demo-1UITests.xctest"; sourceTree = BUILT_PRODUCTS_DIR; };
		272E06BE2A80F32100DCFB3D /* MVVM_demo_1UITests.swift */ = {isa = PBXFileReference; lastKnownFileType = sourcecode.swift; path = MVVM_demo_1UITests.swift; sourceTree = "<group>"; };
		272E06C02A80F32100DCFB3D /* MVVM_demo_1UITestsLaunchTests.swift */ = {isa = PBXFileReference; lastKnownFileType = sourcecode.swift; path = MVVM_demo_1UITestsLaunchTests.swift; sourceTree = "<group>"; };
/* End PBXFileReference section */

/* Begin PBXFrameworksBuildPhase section */
		272E06972A80F32000DCFB3D /* Frameworks */ = {
			isa = PBXFrameworksBuildPhase;
			buildActionMask = 2147483647;
			files = (
			);
			runOnlyForDeploymentPostprocessing = 0;
		};
		272E06AD2A80F32100DCFB3D /* Frameworks */ = {
			isa = PBXFrameworksBuildPhase;
			buildActionMask = 2147483647;
			files = (
			);
			runOnlyForDeploymentPostprocessing = 0;
		};
		272E06B72A80F32100DCFB3D /* Frameworks */ = {
			isa = PBXFrameworksBuildPhase;
			buildActionMask = 2147483647;
			files = (
			);
			runOnlyForDeploymentPostprocessing = 0;
		};
/* End PBXFrameworksBuildPhase section */

/* Begin PBXGroup section */
		272E06912A80F32000DCFB3D = {
			isa = PBXGroup;
			children = (
				272E069C2A80F32000DCFB3D /* MVVM-demo-1 */,
				272E06B32A80F32100DCFB3D /* MVVM-demo-1Tests */,
				272E06BD2A80F32100DCFB3D /* MVVM-demo-1UITests */,
				272E069B2A80F32000DCFB3D /* Products */,
			);
			sourceTree = "<group>";
		};
		272E069B2A80F32000DCFB3D /* Products */ = {
			isa = PBXGroup;
			children = (
				272E069A2A80F32000DCFB3D /* MVVM-demo-1.app */,
				272E06B02A80F32100DCFB3D /* MVVM-demo-1Tests.xctest */,
				272E06BA2A80F32100DCFB3D /* MVVM-demo-1UITests.xctest */,
			);
			name = Products;
			sourceTree = "<group>";
		};
		272E069C2A80F32000DCFB3D /* MVVM-demo-1 */ = {
			isa = PBXGroup;
			children = (
				272E069D2A80F32000DCFB3D /* AppDelegate.swift */,
				272E069F2A80F32000DCFB3D /* SceneDelegate.swift */,
				272E06A12A80F32000DCFB3D /* ViewController.swift */,
				272E06A62A80F32100DCFB3D /* Assets.xcassets */,
				272E06A82A80F32100DCFB3D /* LaunchScreen.storyboard */,
				272E06AB2A80F32100DCFB3D /* Info.plist */,
			);
			path = "MVVM-demo-1";
			sourceTree = "<group>";
		};
		272E06B32A80F32100DCFB3D /* MVVM-demo-1Tests */ = {
			isa = PBXGroup;
			children = (
				272E06B42A80F32100DCFB3D /* MVVM_demo_1Tests.swift */,
			);
			path = "MVVM-demo-1Tests";
			sourceTree = "<group>";
		};
		272E06BD2A80F32100DCFB3D /* MVVM-demo-1UITests */ = {
			isa = PBXGroup;
			children = (
				272E06BE2A80F32100DCFB3D /* MVVM_demo_1UITests.swift */,
				272E06C02A80F32100DCFB3D /* MVVM_demo_1UITestsLaunchTests.swift */,
			);
			path = "MVVM-demo-1UITests";
			sourceTree = "<group>";
		};
/* End PBXGroup section */

/* Begin PBXNativeTarget section */
		272E06992A80F32000DCFB3D /* MVVM-demo-1 */ = {
			isa = PBXNativeTarget;
			buildConfigurationList = 272E06C42A80F32100DCFB3D /* Build configuration list for PBXNativeTarget "MVVM-demo-1" */;
			buildPhases = (
				272E06962A80F32000DCFB3D /* Sources */,
				272E06972A80F32000DCFB3D /* Frameworks */,
				272E06982A80F32000DCFB3D /* Resources */,
			);
			buildRules = (
			);
			dependencies = (
			);
			name = "MVVM-demo-1";
			productName = "MVVM-demo-1";
			productReference = 272E069A2A80F32000DCFB3D /* MVVM-demo-1.app */;
			productType = "com.apple.product-type.application";
		};
		272E06AF2A80F32100DCFB3D /* MVVM-demo-1Tests */ = {
			isa = PBXNativeTarget;
			buildConfigurationList = 272E06C72A80F32100DCFB3D /* Build configuration list for PBXNativeTarget "MVVM-demo-1Tests" */;
			buildPhases = (
				272E06AC2A80F32100DCFB3D /* Sources */,
				272E06AD2A80F32100DCFB3D /* Frameworks */,
				272E06AE2A80F32100DCFB3D /* Resources */,
			);
			buildRules = (
			);
			dependencies = (
				272E06B22A80F32100DCFB3D /* PBXTargetDependency */,
			);
			name = "MVVM-demo-1Tests";
			productName = "MVVM-demo-1Tests";
			productReference = 272E06B02A80F32100DCFB3D /* MVVM-demo-1Tests.xctest */;
			productType = "com.apple.product-type.bundle.unit-test";
		};
		272E06B92A80F32100DCFB3D /* MVVM-demo-1UITests */ = {
			isa = PBXNativeTarget;
			buildConfigurationList = 272E06CA2A80F32100DCFB3D /* Build configuration list for PBXNativeTarget "MVVM-demo-1UITests" */;
			buildPhases = (
				272E06B62A80F32100DCFB3D /* Sources */,
				272E06B72A80F32100DCFB3D /* Frameworks */,
				272E06B82A80F32100DCFB3D /* Resources */,
			);
			buildRules = (
			);
			dependencies = (
				272E06BC2A80F32100DCFB3D /* PBXTargetDependency */,
			);
			name = "MVVM-demo-1UITests";
			productName = "MVVM-demo-1UITests";
			productReference = 272E06BA2A80F32100DCFB3D /* MVVM-demo-1UITests.xctest */;
			productType = "com.apple.product-type.bundle.ui-testing";
		};
/* End PBXNativeTarget section */

/* Begin PBXProject section */
		272E06922A80F32000DCFB3D /* Project object */ = {
			isa = PBXProject;
			attributes = {
				BuildIndependentTargetsInParallel = 1;
				LastSwiftUpdateCheck = 1430;
				LastUpgradeCheck = 1430;
				TargetAttributes = {
					272E06992A80F32000DCFB3D = {
						CreatedOnToolsVersion = 14.3.1;
					};
					272E06AF2A80F32100DCFB3D = {
						CreatedOnToolsVersion = 14.3.1;
						TestTargetID = 272E06992A80F32000DCFB3D;
					};
					272E06B92A80F32100DCFB3D = {
						CreatedOnToolsVersion = 14.3.1;
						TestTargetID = 272E06992A80F32000DCFB3D;
					};
				};
			};
			buildConfigurationList = 272E06952A80F32000DCFB3D /* Build configuration list for PBXProject "MVVM-demo-1" */;
			compatibilityVersion = "Xcode 14.0";
			developmentRegion = en;
			hasScannedForEncodings = 0;
			knownRegions = (
				en,
				Base,
			);
			mainGroup = 272E06912A80F32000DCFB3D;
			productRefGroup = 272E069B2A80F32000DCFB3D /* Products */;
			projectDirPath = "";
			projectRoot = "";
			targets = (
				272E06992A80F32000DCFB3D /* MVVM-demo-1 */,
				272E06AF2A80F32100DCFB3D /* MVVM-demo-1Tests */,
				272E06B92A80F32100DCFB3D /* MVVM-demo-1UITests */,
			);
		};
/* End PBXProject section */

/* Begin PBXResourcesBuildPhase section */
		272E06982A80F32000DCFB3D /* Resources */ = {
			isa = PBXResourcesBuildPhase;
			buildActionMask = 2147483647;
			files = (
				272E06AA2A80F32100DCFB3D /* LaunchScreen.storyboard in Resources */,
				272E06A72A80F32100DCFB3D /* Assets.xcassets in Resources */,
			);
			runOnlyForDeploymentPostprocessing = 0;
		};
		272E06AE2A80F32100DCFB3D /* Resources */ = {
			isa = PBXResourcesBuildPhase;
			buildActionMask = 2147483647;
			files = (
			);
			runOnlyForDeploymentPostprocessing = 0;
		};
		272E06B82A80F32100DCFB3D /* Resources */ = {
			isa = PBXResourcesBuildPhase;
			buildActionMask = 2147483647;
			files = (
			);
			runOnlyForDeploymentPostprocessing = 0;
		};
/* End PBXResourcesBuildPhase section */

/* Begin PBXSourcesBuildPhase section */
		272E06962A80F32000DCFB3D /* Sources */ = {
			isa = PBXSourcesBuildPhase;
			buildActionMask = 2147483647;
			files = (
				272E06A22A80F32000DCFB3D /* ViewController.swift in Sources */,
				272E069E2A80F32000DCFB3D /* AppDelegate.swift in Sources */,
				272E06A02A80F32000DCFB3D /* SceneDelegate.swift in Sources */,
			);
			runOnlyForDeploymentPostprocessing = 0;
		};
		272E06AC2A80F32100DCFB3D /* Sources */ = {
			isa = PBXSourcesBuildPhase;
			buildActionMask = 2147483647;
			files = (
				272E06B52A80F32100DCFB3D /* MVVM_demo_1Tests.swift in Sources */,
			);
			runOnlyForDeploymentPostprocessing = 0;
		};
		272E06B62A80F32100DCFB3D /* Sources */ = {
			isa = PBXSourcesBuildPhase;
			buildActionMask = 2147483647;
			files = (
				272E06BF2A80F32100DCFB3D /* MVVM_demo_1UITests.swift in Sources */,
				272E06C12A80F32100DCFB3D /* MVVM_demo_1UITestsLaunchTests.swift in Sources */,
			);
			runOnlyForDeploymentPostprocessing = 0;
		};
/* End PBXSourcesBuildPhase section */

/* Begin PBXTargetDependency section */
		272E06B22A80F32100DCFB3D /* PBXTargetDependency */ = {
			isa = PBXTargetDependency;
			target = 272E06992A80F32000DCFB3D /* MVVM-demo-1 */;
			targetProxy = 272E06B12A80F32100DCFB3D /* PBXContainerItemProxy */;
		};
		272E06BC2A80F32100DCFB3D /* PBXTargetDependency */ = {
			isa = PBXTargetDependency;
			target = 272E06992A80F32000DCFB3D /* MVVM-demo-1 */;
			targetProxy = 272E06BB2A80F32100DCFB3D /* PBXContainerItemProxy */;
		};
/* End PBXTargetDependency section */

/* Begin PBXVariantGroup section */
		272E06A82A80F32100DCFB3D /* LaunchScreen.storyboard */ = {
			isa = PBXVariantGroup;
			children = (
				272E06A92A80F32100DCFB3D /* Base */,
			);
			name = LaunchScreen.storyboard;
			sourceTree = "<group>";
		};
/* End PBXVariantGroup section */

/* Begin XCBuildConfiguration section */
		272E06C22A80F32100DCFB3D /* Debug */ = {
			isa = XCBuildConfiguration;
			buildSettings = {
				ALWAYS_SEARCH_USER_PATHS = NO;
				CLANG_ANALYZER_NONNULL = YES;
				CLANG_ANALYZER_NUMBER_OBJECT_CONVERSION = YES_AGGRESSIVE;
				CLANG_CXX_LANGUAGE_STANDARD = "gnu++20";
				CLANG_ENABLE_MODULES = YES;
				CLANG_ENABLE_OBJC_ARC = YES;
				CLANG_ENABLE_OBJC_WEAK = YES;
				CLANG_WARN_BLOCK_CAPTURE_AUTORELEASING = YES;
				CLANG_WARN_BOOL_CONVERSION = YES;
				CLANG_WARN_COMMA = YES;
				CLANG_WARN_CONSTANT_CONVERSION = YES;
				CLANG_WARN_DEPRECATED_OBJC_IMPLEMENTATIONS = YES;
				CLANG_WARN_DIRECT_OBJC_ISA_USAGE = YES_ERROR;
				CLANG_WARN_DOCUMENTATION_COMMENTS = YES;
				CLANG_WARN_EMPTY_BODY = YES;
				CLANG_WARN_ENUM_CONVERSION = YES;
				CLANG_WARN_INFINITE_RECURSION = YES;
				CLANG_WARN_INT_CONVERSION = YES;
				CLANG_WARN_NON_LITERAL_NULL_CONVERSION = YES;
				CLANG_WARN_OBJC_IMPLICIT_RETAIN_SELF = YES;
				CLANG_WARN_OBJC_LITERAL_CONVERSION = YES;
				CLANG_WARN_OBJC_ROOT_CLASS = YES_ERROR;
				CLANG_WARN_QUOTED_INCLUDE_IN_FRAMEWORK_HEADER = YES;
				CLANG_WARN_RANGE_LOOP_ANALYSIS = YES;
				CLANG_WARN_STRICT_PROTOTYPES = YES;
				CLANG_WARN_SUSPICIOUS_MOVE = YES;
				CLANG_WARN_UNGUARDED_AVAILABILITY = YES_AGGRESSIVE;
				CLANG_WARN_UNREACHABLE_CODE = YES;
				CLANG_WARN__DUPLICATE_METHOD_MATCH = YES;
				COPY_PHASE_STRIP = NO;
				DEBUG_INFORMATION_FORMAT = dwarf;
				ENABLE_STRICT_OBJC_MSGSEND = YES;
				ENABLE_TESTABILITY = YES;
				GCC_C_LANGUAGE_STANDARD = gnu11;
				GCC_DYNAMIC_NO_PIC = NO;
				GCC_NO_COMMON_BLOCKS = YES;
				GCC_OPTIMIZATION_LEVEL = 0;
				GCC_PREPROCESSOR_DEFINITIONS = (
					"DEBUG=1",
					"$(inherited)",
				);
				GCC_WARN_64_TO_32_BIT_CONVERSION = YES;
				GCC_WARN_ABOUT_RETURN_TYPE = YES_ERROR;
				GCC_WARN_UNDECLARED_SELECTOR = YES;
				GCC_WARN_UNINITIALIZED_AUTOS = YES_AGGRESSIVE;
				GCC_WARN_UNUSED_FUNCTION = YES;
				GCC_WARN_UNUSED_VARIABLE = YES;
				IPHONEOS_DEPLOYMENT_TARGET = 16.4;
				MTL_ENABLE_DEBUG_INFO = INCLUDE_SOURCE;
				MTL_FAST_MATH = YES;
				ONLY_ACTIVE_ARCH = YES;
				SDKROOT = iphoneos;
				SWIFT_ACTIVE_COMPILATION_CONDITIONS = DEBUG;
				SWIFT_OPTIMIZATION_LEVEL = "-Onone";
			};
			name = Debug;
		};
		272E06C32A80F32100DCFB3D /* Release */ = {
			isa = XCBuildConfiguration;
			buildSettings = {
				ALWAYS_SEARCH_USER_PATHS = NO;
				CLANG_ANALYZER_NONNULL = YES;
				CLANG_ANALYZER_NUMBER_OBJECT_CONVERSION = YES_AGGRESSIVE;
				CLANG_CXX_LANGUAGE_STANDARD = "gnu++20";
				CLANG_ENABLE_MODULES = YES;
				CLANG_ENABLE_OBJC_ARC = YES;
				CLANG_ENABLE_OBJC_WEAK = YES;
				CLANG_WARN_BLOCK_CAPTURE_AUTORELEASING = YES;
				CLANG_WARN_BOOL_CONVERSION = YES;
				CLANG_WARN_COMMA = YES;
				CLANG_WARN_CONSTANT_CONVERSION = YES;
				CLANG_WARN_DEPRECATED_OBJC_IMPLEMENTATIONS = YES;
				CLANG_WARN_DIRECT_OBJC_ISA_USAGE = YES_ERROR;
				CLANG_WARN_DOCUMENTATION_COMMENTS = YES;
				CLANG_WARN_EMPTY_BODY = YES;
				CLANG_WARN_ENUM_CONVERSION = YES;
				CLANG_WARN_INFINITE_RECURSION = YES;
				CLANG_WARN_INT_CONVERSION = YES;
				CLANG_WARN_NON_LITERAL_NULL_CONVERSION = YES;
				CLANG_WARN_OBJC_IMPLICIT_RETAIN_SELF = YES;
				CLANG_WARN_OBJC_LITERAL_CONVERSION = YES;
				CLANG_WARN_OBJC_ROOT_CLASS = YES_ERROR;
				CLANG_WARN_QUOTED_INCLUDE_IN_FRAMEWORK_HEADER = YES;
				CLANG_WARN_RANGE_LOOP_ANALYSIS = YES;
				CLANG_WARN_STRICT_PROTOTYPES = YES;
				CLANG_WARN_SUSPICIOUS_MOVE = YES;
				CLANG_WARN_UNGUARDED_AVAILABILITY = YES_AGGRESSIVE;
				CLANG_WARN_UNREACHABLE_CODE = YES;
				CLANG_WARN__DUPLICATE_METHOD_MATCH = YES;
				COPY_PHASE_STRIP = NO;
				DEBUG_INFORMATION_FORMAT = "dwarf-with-dsym";
				ENABLE_NS_ASSERTIONS = NO;
				ENABLE_STRICT_OBJC_MSGSEND = YES;
				GCC_C_LANGUAGE_STANDARD = gnu11;
				GCC_NO_COMMON_BLOCKS = YES;
				GCC_WARN_64_TO_32_BIT_CONVERSION = YES;
				GCC_WARN_ABOUT_RETURN_TYPE = YES_ERROR;
				GCC_WARN_UNDECLARED_SELECTOR = YES;
				GCC_WARN_UNINITIALIZED_AUTOS = YES_AGGRESSIVE;
				GCC_WARN_UNUSED_FUNCTION = YES;
				GCC_WARN_UNUSED_VARIABLE = YES;
				IPHONEOS_DEPLOYMENT_TARGET = 16.4;
				MTL_ENABLE_DEBUG_INFO = NO;
				MTL_FAST_MATH = YES;
				SDKROOT = iphoneos;
				SWIFT_COMPILATION_MODE = wholemodule;
				SWIFT_OPTIMIZATION_LEVEL = "-O";
				VALIDATE_PRODUCT = YES;
			};
			name = Release;
		};
		272E06C52A80F32100DCFB3D /* Debug */ = {
			isa = XCBuildConfiguration;
			buildSettings = {
				ASSETCATALOG_COMPILER_APPICON_NAME = AppIcon;
				ASSETCATALOG_COMPILER_GLOBAL_ACCENT_COLOR_NAME = AccentColor;
				CODE_SIGN_STYLE = Automatic;
				CURRENT_PROJECT_VERSION = 1;
				GENERATE_INFOPLIST_FILE = YES;
				INFOPLIST_FILE = "MVVM-demo-1/Info.plist";
				INFOPLIST_KEY_UIApplicationSupportsIndirectInputEvents = YES;
				INFOPLIST_KEY_UILaunchStoryboardName = LaunchScreen;
				INFOPLIST_KEY_UISupportedInterfaceOrientations_iPad = "UIInterfaceOrientationPortrait UIInterfaceOrientationPortraitUpsideDown UIInterfaceOrientationLandscapeLeft UIInterfaceOrientationLandscapeRight";
				INFOPLIST_KEY_UISupportedInterfaceOrientations_iPhone = "UIInterfaceOrientationPortrait UIInterfaceOrientationLandscapeLeft UIInterfaceOrientationLandscapeRight";
				LD_RUNPATH_SEARCH_PATHS = (
					"$(inherited)",
					"@executable_path/Frameworks",
				);
				MARKETING_VERSION = 1.0;
				PRODUCT_BUNDLE_IDENTIFIER = "miguelloureiro.MVVM-demo-1";
				PRODUCT_NAME = "$(TARGET_NAME)";
				SWIFT_EMIT_LOC_STRINGS = YES;
				SWIFT_VERSION = 5.0;
				TARGETED_DEVICE_FAMILY = "1,2";
			};
			name = Debug;
		};
		272E06C62A80F32100DCFB3D /* Release */ = {
			isa = XCBuildConfiguration;
			buildSettings = {
				ASSETCATALOG_COMPILER_APPICON_NAME = AppIcon;
				ASSETCATALOG_COMPILER_GLOBAL_ACCENT_COLOR_NAME = AccentColor;
				CODE_SIGN_STYLE = Automatic;
				CURRENT_PROJECT_VERSION = 1;
				GENERATE_INFOPLIST_FILE = YES;
				INFOPLIST_FILE = "MVVM-demo-1/Info.plist";
				INFOPLIST_KEY_UIApplicationSupportsIndirectInputEvents = YES;
				INFOPLIST_KEY_UILaunchStoryboardName = LaunchScreen;
				INFOPLIST_KEY_UISupportedInterfaceOrientations_iPad = "UIInterfaceOrientationPortrait UIInterfaceOrientationPortraitUpsideDown UIInterfaceOrientationLandscapeLeft UIInterfaceOrientationLandscapeRight";
				INFOPLIST_KEY_UISupportedInterfaceOrientations_iPhone = "UIInterfaceOrientationPortrait UIInterfaceOrientationLandscapeLeft UIInterfaceOrientationLandscapeRight";
				LD_RUNPATH_SEARCH_PATHS = (
					"$(inherited)",
					"@executable_path/Frameworks",
				);
				MARKETING_VERSION = 1.0;
				PRODUCT_BUNDLE_IDENTIFIER = "miguelloureiro.MVVM-demo-1";
				PRODUCT_NAME = "$(TARGET_NAME)";
				SWIFT_EMIT_LOC_STRINGS = YES;
				SWIFT_VERSION = 5.0;
				TARGETED_DEVICE_FAMILY = "1,2";
			};
			name = Release;
		};
		272E06C82A80F32100DCFB3D /* Debug */ = {
			isa = XCBuildConfiguration;
			buildSettings = {
				ALWAYS_EMBED_SWIFT_STANDARD_LIBRARIES = YES;
				BUNDLE_LOADER = "$(TEST_HOST)";
				CODE_SIGN_STYLE = Automatic;
				CURRENT_PROJECT_VERSION = 1;
				GENERATE_INFOPLIST_FILE = YES;
				IPHONEOS_DEPLOYMENT_TARGET = 16.4;
				MARKETING_VERSION = 1.0;
				PRODUCT_BUNDLE_IDENTIFIER = "miguelloureiro.MVVM-demo-1Tests";
				PRODUCT_NAME = "$(TARGET_NAME)";
				SWIFT_EMIT_LOC_STRINGS = NO;
				SWIFT_VERSION = 5.0;
				TARGETED_DEVICE_FAMILY = "1,2";
				TEST_HOST = "$(BUILT_PRODUCTS_DIR)/MVVM-demo-1.app/$(BUNDLE_EXECUTABLE_FOLDER_PATH)/MVVM-demo-1";
			};
			name = Debug;
		};
		272E06C92A80F32100DCFB3D /* Release */ = {
			isa = XCBuildConfiguration;
			buildSettings = {
				ALWAYS_EMBED_SWIFT_STANDARD_LIBRARIES = YES;
				BUNDLE_LOADER = "$(TEST_HOST)";
				CODE_SIGN_STYLE = Automatic;
				CURRENT_PROJECT_VERSION = 1;
				GENERATE_INFOPLIST_FILE = YES;
				IPHONEOS_DEPLOYMENT_TARGET = 16.4;
				MARKETING_VERSION = 1.0;
				PRODUCT_BUNDLE_IDENTIFIER = "miguelloureiro.MVVM-demo-1Tests";
				PRODUCT_NAME = "$(TARGET_NAME)";
				SWIFT_EMIT_LOC_STRINGS = NO;
				SWIFT_VERSION = 5.0;
				TARGETED_DEVICE_FAMILY = "1,2";
				TEST_HOST = "$(BUILT_PRODUCTS_DIR)/MVVM-demo-1.app/$(BUNDLE_EXECUTABLE_FOLDER_PATH)/MVVM-demo-1";
			};
			name = Release;
		};
		272E06CB2A80F32100DCFB3D /* Debug */ = {
			isa = XCBuildConfiguration;
			buildSettings = {
				ALWAYS_EMBED_SWIFT_STANDARD_LIBRARIES = YES;
				CODE_SIGN_STYLE = Automatic;
				CURRENT_PROJECT_VERSION = 1;
				GENERATE_INFOPLIST_FILE = YES;
				MARKETING_VERSION = 1.0;
				PRODUCT_BUNDLE_IDENTIFIER = "miguelloureiro.MVVM-demo-1UITests";
				PRODUCT_NAME = "$(TARGET_NAME)";
				SWIFT_EMIT_LOC_STRINGS = NO;
				SWIFT_VERSION = 5.0;
				TARGETED_DEVICE_FAMILY = "1,2";
				TEST_TARGET_NAME = "MVVM-demo-1";
			};
			name = Debug;
		};
		272E06CC2A80F32100DCFB3D /* Release */ = {
			isa = XCBuildConfiguration;
			buildSettings = {
				ALWAYS_EMBED_SWIFT_STANDARD_LIBRARIES = YES;
				CODE_SIGN_STYLE = Automatic;
				CURRENT_PROJECT_VERSION = 1;
				GENERATE_INFOPLIST_FILE = YES;
				MARKETING_VERSION = 1.0;
				PRODUCT_BUNDLE_IDENTIFIER = "miguelloureiro.MVVM-demo-1UITests";
				PRODUCT_NAME = "$(TARGET_NAME)";
				SWIFT_EMIT_LOC_STRINGS = NO;
				SWIFT_VERSION = 5.0;
				TARGETED_DEVICE_FAMILY = "1,2";
				TEST_TARGET_NAME = "MVVM-demo-1";
			};
			name = Release;
		};
/* End XCBuildConfiguration section */

/* Begin XCConfigurationList section */
		272E06952A80F32000DCFB3D /* Build configuration list for PBXProject "MVVM-demo-1" */ = {
			isa = XCConfigurationList;
			buildConfigurations = (
				272E06C22A80F32100DCFB3D /* Debug */,
				272E06C32A80F32100DCFB3D /* Release */,
			);
			defaultConfigurationIsVisible = 0;
			defaultConfigurationName = Release;
		};
		272E06C42A80F32100DCFB3D /* Build configuration list for PBXNativeTarget "MVVM-demo-1" */ = {
			isa = XCConfigurationList;
			buildConfigurations = (
				272E06C52A80F32100DCFB3D /* Debug */,
				272E06C62A80F32100DCFB3D /* Release */,
			);
			defaultConfigurationIsVisible = 0;
			defaultConfigurationName = Release;
		};
		272E06C72A80F32100DCFB3D /* Build configuration list for PBXNativeTarget "MVVM-demo-1Tests" */ = {
			isa = XCConfigurationList;
			buildConfigurations = (
				272E06C82A80F32100DCFB3D /* Debug */,
				272E06C92A80F32100DCFB3D /* Release */,
			);
			defaultConfigurationIsVisible = 0;
			defaultConfigurationName = Release;
		};
		272E06CA2A80F32100DCFB3D /* Build configuration list for PBXNativeTarget "MVVM-demo-1UITests" */ = {
			isa = XCConfigurationList;
			buildConfigurations = (
				272E06CB2A80F32100DCFB3D /* Debug */,
				272E06CC2A80F32100DCFB3D /* Release */,
			);
			defaultConfigurationIsVisible = 0;
			defaultConfigurationName = Release;
		};
/* End XCConfigurationList section */
	};
	rootObject = 272E06922A80F32000DCFB3D /* Project object */;
}
